
Microsoft Visual Studio Solution File, Format Version 12.00
# Visual Studio Version 16
VisualStudioVersion = 16.0.30406.217
MinimumVisualStudioVersion = 10.0.40219.1
Project("{9A19103F-16F7-4668-BE54-9A1E7A4F7556}") = "AGBrand.Api", "Microservices\Api\AGBrand.Api.csproj", "{8BB40C84-D14E-4C96-89A0-12FC0B79AABB}"
EndProject
Project("{2150E333-8FDC-42A3-9474-1A3956D46DE8}") = "Microservices", "Microservices", "{2BA118EE-824E-4688-BAAB-5EE2A307AB11}"
EndProject
Project("{2150E333-8FDC-42A3-9474-1A3956D46DE8}") = "Core", "Core", "{B732D618-C307-4EAE-BF72-993906DF0F8F}"
EndProject
Project("{9A19103F-16F7-4668-BE54-9A1E7A4F7556}") = "AGBrand.Contracts", "Core\AGBrand.Contracts\AGBrand.Contracts.csproj", "{9E3B4F8A-B985-4954-BF42-8388E9091825}"
EndProject
Project("{9A19103F-16F7-4668-BE54-9A1E7A4F7556}") = "AGBrand.Implementations", "Core\AGBrand.Implementations\AGBrand.Implementations.csproj", "{E19120DA-75A2-428B-ABF1-99E447D1AAFF}"
EndProject
Project("{9A19103F-16F7-4668-BE54-9A1E7A4F7556}") = "AGBrand.Models", "Core\AGBrand.Models\AGBrand.Models.csproj", "{50C18457-E1E1-46D7-952F-D8CCBE1B1F0D}"
EndProject
Project("{9A19103F-16F7-4668-BE54-9A1E7A4F7556}") = "AGBrand.Packages", "Core\AGBrand.Packages\AGBrand.Packages.csproj", "{9AA2E644-69F4-4207-AA96-AE8A9FC85F58}"
EndProject
Project("{9A19103F-16F7-4668-BE54-9A1E7A4F7556}") = "AGBrand.Repository", "Core\AGBrand.Repository\AGBrand.Repository.csproj", "{9964F06F-4EB8-4251-B82C-53174EDEBCC6}"
EndProject
Project("{2150E333-8FDC-42A3-9474-1A3956D46DE8}") = "Tests", "Tests", "{AE4F5534-4C3A-4DF4-B6D1-F5F70C669AF6}"
EndProject
Project("{FAE04EC0-301F-11D3-BF4B-00C04F79EFBC}") = "AGBrand.Packages.Tests", "Core\Tests\AGBrand.Packages.Tests\AGBrand.Packages.Tests.csproj", "{EFD0FFFB-B85E-46AF-B148-AB979EDCF7C3}"
EndProject
Project("{2150E333-8FDC-42A3-9474-1A3956D46DE8}") = "Tests", "Tests", "{5CCF2583-81B4-4E94-A194-2E4D857B0ADB}"
EndProject
Project("{FAE04EC0-301F-11D3-BF4B-00C04F79EFBC}") = "AGBrand.Api.Tests", "Microservices\Tests\AGBrand.Api.Tests\AGBrand.Api.Tests.csproj", "{3400E425-25D9-4E97-9056-C8AC29B6F642}"
EndProject
Global
	GlobalSection(SolutionConfigurationPlatforms) = preSolution
		Debug|Any CPU = Debug|Any CPU
		Release|Any CPU = Release|Any CPU
	EndGlobalSection
	GlobalSection(ProjectConfigurationPlatforms) = postSolution
		{8BB40C84-D14E-4C96-89A0-12FC0B79AABB}.Debug|Any CPU.ActiveCfg = Debug|Any CPU
		{8BB40C84-D14E-4C96-89A0-12FC0B79AABB}.Debug|Any CPU.Build.0 = Debug|Any CPU
		{8BB40C84-D14E-4C96-89A0-12FC0B79AABB}.Release|Any CPU.ActiveCfg = Release|Any CPU
		{8BB40C84-D14E-4C96-89A0-12FC0B79AABB}.Release|Any CPU.Build.0 = Release|Any CPU
		{9E3B4F8A-B985-4954-BF42-8388E9091825}.Debug|Any CPU.ActiveCfg = Debug|Any CPU
		{9E3B4F8A-B985-4954-BF42-8388E9091825}.Debug|Any CPU.Build.0 = Debug|Any CPU
		{9E3B4F8A-B985-4954-BF42-8388E9091825}.Release|Any CPU.ActiveCfg = Release|Any CPU
		{9E3B4F8A-B985-4954-BF42-8388E9091825}.Release|Any CPU.Build.0 = Release|Any CPU
		{E19120DA-75A2-428B-ABF1-99E447D1AAFF}.Debug|Any CPU.ActiveCfg = Debug|Any CPU
		{E19120DA-75A2-428B-ABF1-99E447D1AAFF}.Debug|Any CPU.Build.0 = Debug|Any CPU
		{E19120DA-75A2-428B-ABF1-99E447D1AAFF}.Release|Any CPU.ActiveCfg = Release|Any CPU
		{E19120DA-75A2-428B-ABF1-99E447D1AAFF}.Release|Any CPU.Build.0 = Release|Any CPU
		{50C18457-E1E1-46D7-952F-D8CCBE1B1F0D}.Debug|Any CPU.ActiveCfg = Debug|Any CPU
		{50C18457-E1E1-46D7-952F-D8CCBE1B1F0D}.Debug|Any CPU.Build.0 = Debug|Any CPU
		{50C18457-E1E1-46D7-952F-D8CCBE1B1F0D}.Release|Any CPU.ActiveCfg = Release|Any CPU
		{50C18457-E1E1-46D7-952F-D8CCBE1B1F0D}.Release|Any CPU.Build.0 = Release|Any CPU
		{9AA2E644-69F4-4207-AA96-AE8A9FC85F58}.Debug|Any CPU.ActiveCfg = Debug|Any CPU
		{9AA2E644-69F4-4207-AA96-AE8A9FC85F58}.Debug|Any CPU.Build.0 = Debug|Any CPU
		{9AA2E644-69F4-4207-AA96-AE8A9FC85F58}.Release|Any CPU.ActiveCfg = Release|Any CPU
		{9AA2E644-69F4-4207-AA96-AE8A9FC85F58}.Release|Any CPU.Build.0 = Release|Any CPU
		{9964F06F-4EB8-4251-B82C-53174EDEBCC6}.Debug|Any CPU.ActiveCfg = Debug|Any CPU
		{9964F06F-4EB8-4251-B82C-53174EDEBCC6}.Debug|Any CPU.Build.0 = Debug|Any CPU
		{9964F06F-4EB8-4251-B82C-53174EDEBCC6}.Release|Any CPU.ActiveCfg = Release|Any CPU
		{9964F06F-4EB8-4251-B82C-53174EDEBCC6}.Release|Any CPU.Build.0 = Release|Any CPU
		{EFD0FFFB-B85E-46AF-B148-AB979EDCF7C3}.Debug|Any CPU.ActiveCfg = Debug|Any CPU
		{EFD0FFFB-B85E-46AF-B148-AB979EDCF7C3}.Debug|Any CPU.Build.0 = Debug|Any CPU
		{EFD0FFFB-B85E-46AF-B148-AB979EDCF7C3}.Release|Any CPU.ActiveCfg = Release|Any CPU
		{EFD0FFFB-B85E-46AF-B148-AB979EDCF7C3}.Release|Any CPU.Build.0 = Release|Any CPU
		{3400E425-25D9-4E97-9056-C8AC29B6F642}.Debug|Any CPU.ActiveCfg = Debug|Any CPU
		{3400E425-25D9-4E97-9056-C8AC29B6F642}.Debug|Any CPU.Build.0 = Debug|Any CPU
		{3400E425-25D9-4E97-9056-C8AC29B6F642}.Release|Any CPU.ActiveCfg = Release|Any CPU
		{3400E425-25D9-4E97-9056-C8AC29B6F642}.Release|Any CPU.Build.0 = Release|Any CPU
	EndGlobalSection
	GlobalSection(SolutionProperties) = preSolution
		HideSolutionNode = FALSE
	EndGlobalSection
	GlobalSection(NestedProjects) = preSolution
		{8BB40C84-D14E-4C96-89A0-12FC0B79AABB} = {2BA118EE-824E-4688-BAAB-5EE2A307AB11}
		{9E3B4F8A-B985-4954-BF42-8388E9091825} = {B732D618-C307-4EAE-BF72-993906DF0F8F}
		{E19120DA-75A2-428B-ABF1-99E447D1AAFF} = {B732D618-C307-4EAE-BF72-993906DF0F8F}
		{50C18457-E1E1-46D7-952F-D8CCBE1B1F0D} = {B732D618-C307-4EAE-BF72-993906DF0F8F}
		{9AA2E644-69F4-4207-AA96-AE8A9FC85F58} = {B732D618-C307-4EAE-BF72-993906DF0F8F}
		{9964F06F-4EB8-4251-B82C-53174EDEBCC6} = {B732D618-C307-4EAE-BF72-993906DF0F8F}
		{AE4F5534-4C3A-4DF4-B6D1-F5F70C669AF6} = {B732D618-C307-4EAE-BF72-993906DF0F8F}
		{EFD0FFFB-B85E-46AF-B148-AB979EDCF7C3} = {AE4F5534-4C3A-4DF4-B6D1-F5F70C669AF6}
		{5CCF2583-81B4-4E94-A194-2E4D857B0ADB} = {2BA118EE-824E-4688-BAAB-5EE2A307AB11}
		{3400E425-25D9-4E97-9056-C8AC29B6F642} = {5CCF2583-81B4-4E94-A194-2E4D857B0ADB}
	EndGlobalSection
	GlobalSection(ExtensibilityGlobals) = postSolution
		SolutionGuid = {5150C738-F6D1-461C-A3CD-CB43F50BD035}
	EndGlobalSection
EndGlobal
